
Microsoft Visual Studio Solution File, Format Version 12.00
# Visual Studio Version 17
VisualStudioVersion = 17.6.33829.357
MinimumVisualStudioVersion = 10.0.40219.1
Project("{9092AA53-FB77-4645-B42D-1CCCA6BD08BD}") = "Volunteering", "Volunteering\Volunteering.njsproj", "{8E289C62-ABEA-44E9-9013-7440A443AC02}"
EndProject
Global
	GlobalSection(SolutionConfigurationPlatforms) = preSolution
		Debug|Any CPU = Debug|Any CPU
		Release|Any CPU = Release|Any CPU
	EndGlobalSection
	GlobalSection(ProjectConfigurationPlatforms) = postSolution
		{8E289C62-ABEA-44E9-9013-7440A443AC02}.Debug|Any CPU.ActiveCfg = Debug|Any CPU
		{8E289C62-ABEA-44E9-9013-7440A443AC02}.Debug|Any CPU.Build.0 = Debug|Any CPU
		{8E289C62-ABEA-44E9-9013-7440A443AC02}.Release|Any CPU.ActiveCfg = Release|Any CPU
		{8E289C62-ABEA-44E9-9013-7440A443AC02}.Release|Any CPU.Build.0 = Release|Any CPU
	EndGlobalSection
	GlobalSection(SolutionProperties) = preSolution
		HideSolutionNode = FALSE
	EndGlobalSection
	GlobalSection(ExtensibilityGlobals) = postSolution
		SolutionGuid = {6B808BB6-179C-4450-AE8F-B3E4B2D79647}
	EndGlobalSection
EndGlobal
